// !$*UTF8*$!
{
	archiveVersion = 1;
	classes = {
	};
	objectVersion = 46;
	objects = {

/* Begin PBXBuildFile section */
		F2079B152010C80B004279E5 /* Main.storyboard in Resources */ = {isa = PBXBuildFile; fileRef = F2079B132010C80B004279E5 /* Main.storyboard */; };
		F20E2D4A200F5B5D00485167 /* 098354-blue-jelly-icon-social-media-logos-myspace-logo-square2.png in Resources */ = {isa = PBXBuildFile; fileRef = F20E2D49200F5B5C00485167 /* 098354-blue-jelly-icon-social-media-logos-myspace-logo-square2.png */; };
		F20E2D4C200F5B7400485167 /* Password-Image.png in Resources */ = {isa = PBXBuildFile; fileRef = F20E2D4B200F5B7400485167 /* Password-Image.png */; };
		F20E2D52200F687700485167 /* BN9BoVvI.png in Resources */ = {isa = PBXBuildFile; fileRef = F20E2D51200F687700485167 /* BN9BoVvI.png */; };
		F20E2D54200F6FC500485167 /* loginDetailsViewController.swift in Sources */ = {isa = PBXBuildFile; fileRef = F20E2D53200F6FC500485167 /* loginDetailsViewController.swift */; };
		F2CD6AEE200DCEDF0010885C /* AppDelegate.swift in Sources */ = {isa = PBXBuildFile; fileRef = F2CD6AED200DCEDF0010885C /* AppDelegate.swift */; };
		F2CD6AF0200DCEDF0010885C /* ViewController.swift in Sources */ = {isa = PBXBuildFile; fileRef = F2CD6AEF200DCEDF0010885C /* ViewController.swift */; };
		F2CD6AF5200DCEDF0010885C /* Assets.xcassets in Resources */ = {isa = PBXBuildFile; fileRef = F2CD6AF4200DCEDF0010885C /* Assets.xcassets */; };
		F2CD6AF8200DCEDF0010885C /* LaunchScreen.storyboard in Resources */ = {isa = PBXBuildFile; fileRef = F2CD6AF6200DCEDF0010885C /* LaunchScreen.storyboard */; };
		F2CD6B03200DCEDF0010885C /* firstTests.swift in Sources */ = {isa = PBXBuildFile; fileRef = F2CD6B02200DCEDF0010885C /* firstTests.swift */; };
		F2CD6B0E200DCEDF0010885C /* firstUITests.swift in Sources */ = {isa = PBXBuildFile; fileRef = F2CD6B0D200DCEDF0010885C /* firstUITests.swift */; };
/* End PBXBuildFile section */

/* Begin PBXContainerItemProxy section */
		F2CD6AFF200DCEDF0010885C /* PBXContainerItemProxy */ = {
			isa = PBXContainerItemProxy;
			containerPortal = F2CD6AE2200DCEDE0010885C /* Project object */;
			proxyType = 1;
			remoteGlobalIDString = F2CD6AE9200DCEDE0010885C;
			remoteInfo = first;
		};
		F2CD6B0A200DCEDF0010885C /* PBXContainerItemProxy */ = {
			isa = PBXContainerItemProxy;
			containerPortal = F2CD6AE2200DCEDE0010885C /* Project object */;
			proxyType = 1;
			remoteGlobalIDString = F2CD6AE9200DCEDE0010885C;
			remoteInfo = first;
		};
/* End PBXContainerItemProxy section */

/* Begin PBXFileReference section */
		F2079B142010C80B004279E5 /* Base */ = {isa = PBXFileReference; lastKnownFileType = file.storyboard; name = Base; path = Base.lproj/Main.storyboard; sourceTree = "<group>"; };
		F20E2D49200F5B5C00485167 /* 098354-blue-jelly-icon-social-media-logos-myspace-logo-square2.png */ = {isa = PBXFileReference; lastKnownFileType = image.png; path = "098354-blue-jelly-icon-social-media-logos-myspace-logo-square2.png"; sourceTree = "<group>"; };
		F20E2D4B200F5B7400485167 /* Password-Image.png */ = {isa = PBXFileReference; lastKnownFileType = image.png; path = "Password-Image.png"; sourceTree = "<group>"; };
		F20E2D51200F687700485167 /* BN9BoVvI.png */ = {isa = PBXFileReference; lastKnownFileType = image.png; path = BN9BoVvI.png; sourceTree = "<group>"; };
		F20E2D53200F6FC500485167 /* loginDetailsViewController.swift */ = {isa = PBXFileReference; fileEncoding = 4; lastKnownFileType = sourcecode.swift; path = loginDetailsViewController.swift; sourceTree = "<group>"; };
		F2CD6AEA200DCEDF0010885C /* first.app */ = {isa = PBXFileReference; explicitFileType = wrapper.application; includeInIndex = 0; path = first.app; sourceTree = BUILT_PRODUCTS_DIR; };
		F2CD6AED200DCEDF0010885C /* AppDelegate.swift */ = {isa = PBXFileReference; lastKnownFileType = sourcecode.swift; path = AppDelegate.swift; sourceTree = "<group>"; };
		F2CD6AEF200DCEDF0010885C /* ViewController.swift */ = {isa = PBXFileReference; lastKnownFileType = sourcecode.swift; path = ViewController.swift; sourceTree = "<group>"; };
		F2CD6AF4200DCEDF0010885C /* Assets.xcassets */ = {isa = PBXFileReference; lastKnownFileType = folder.assetcatalog; path = Assets.xcassets; sourceTree = "<group>"; };
		F2CD6AF7200DCEDF0010885C /* Base */ = {isa = PBXFileReference; lastKnownFileType = file.storyboard; name = Base; path = Base.lproj/LaunchScreen.storyboard; sourceTree = "<group>"; };
		F2CD6AF9200DCEDF0010885C /* Info.plist */ = {isa = PBXFileReference; lastKnownFileType = text.plist.xml; path = Info.plist; sourceTree = "<group>"; };
		F2CD6AFE200DCEDF0010885C /* firstTests.xctest */ = {isa = PBXFileReference; explicitFileType = wrapper.cfbundle; includeInIndex = 0; path = firstTests.xctest; sourceTree = BUILT_PRODUCTS_DIR; };
		F2CD6B02200DCEDF0010885C /* firstTests.swift */ = {isa = PBXFileReference; lastKnownFileType = sourcecode.swift; path = firstTests.swift; sourceTree = "<group>"; };
		F2CD6B04200DCEDF0010885C /* Info.plist */ = {isa = PBXFileReference; lastKnownFileType = text.plist.xml; path = Info.plist; sourceTree = "<group>"; };
		F2CD6B09200DCEDF0010885C /* firstUITests.xctest */ = {isa = PBXFileReference; explicitFileType = wrapper.cfbundle; includeInIndex = 0; path = firstUITests.xctest; sourceTree = BUILT_PRODUCTS_DIR; };
		F2CD6B0D200DCEDF0010885C /* firstUITests.swift */ = {isa = PBXFileReference; lastKnownFileType = sourcecode.swift; path = firstUITests.swift; sourceTree = "<group>"; };
		F2CD6B0F200DCEDF0010885C /* Info.plist */ = {isa = PBXFileReference; lastKnownFileType = text.plist.xml; path = Info.plist; sourceTree = "<group>"; };
/* End PBXFileReference section */

/* Begin PBXFrameworksBuildPhase section */
		F2CD6AE7200DCEDE0010885C /* Frameworks */ = {
			isa = PBXFrameworksBuildPhase;
			buildActionMask = 2147483647;
			files = (
			);
			runOnlyForDeploymentPostprocessing = 0;
		};
		F2CD6AFB200DCEDF0010885C /* Frameworks */ = {
			isa = PBXFrameworksBuildPhase;
			buildActionMask = 2147483647;
			files = (
			);
			runOnlyForDeploymentPostprocessing = 0;
		};
		F2CD6B06200DCEDF0010885C /* Frameworks */ = {
			isa = PBXFrameworksBuildPhase;
			buildActionMask = 2147483647;
			files = (
			);
			runOnlyForDeploymentPostprocessing = 0;
		};
/* End PBXFrameworksBuildPhase section */

/* Begin PBXGroup section */
		F2CD6AE1200DCEDE0010885C = {
			isa = PBXGroup;
			children = (
				F2CD6AEC200DCEDF0010885C /* first */,
				F2CD6B01200DCEDF0010885C /* firstTests */,
				F2CD6B0C200DCEDF0010885C /* firstUITests */,
				F2CD6AEB200DCEDF0010885C /* Products */,
			);
			sourceTree = "<group>";
		};
		F2CD6AEB200DCEDF0010885C /* Products */ = {
			isa = PBXGroup;
			children = (
				F2CD6AEA200DCEDF0010885C /* first.app */,
				F2CD6AFE200DCEDF0010885C /* firstTests.xctest */,
				F2CD6B09200DCEDF0010885C /* firstUITests.xctest */,
			);
			name = Products;
			sourceTree = "<group>";
		};
		F2CD6AEC200DCEDF0010885C /* first */ = {
			isa = PBXGroup;
			children = (
				F2CD6B1E200DCF5D0010885C /* resources */,
				F2CD6B1D200DCF450010885C /* firstAppStruct */,
				F2CD6AED200DCEDF0010885C /* AppDelegate.swift */,
			);
			path = first;
			sourceTree = "<group>";
		};
		F2CD6B01200DCEDF0010885C /* firstTests */ = {
			isa = PBXGroup;
			children = (
				F2CD6B02200DCEDF0010885C /* firstTests.swift */,
				F2CD6B04200DCEDF0010885C /* Info.plist */,
			);
			path = firstTests;
			sourceTree = "<group>";
		};
		F2CD6B0C200DCEDF0010885C /* firstUITests */ = {
			isa = PBXGroup;
			children = (
				F2CD6B0D200DCEDF0010885C /* firstUITests.swift */,
				F2CD6B0F200DCEDF0010885C /* Info.plist */,
			);
			path = firstUITests;
			sourceTree = "<group>";
		};
		F2CD6B1C200DCF3A0010885C /* New Group */ = {
			isa = PBXGroup;
			children = (
			);
			name = "New Group";
			sourceTree = "<group>";
		};
		F2CD6B1D200DCF450010885C /* firstAppStruct */ = {
			isa = PBXGroup;
			children = (
				F2079B132010C80B004279E5 /* Main.storyboard */,
				F2CD6AEF200DCEDF0010885C /* ViewController.swift */,
				F20E2D49200F5B5C00485167 /* 098354-blue-jelly-icon-social-media-logos-myspace-logo-square2.png */,
				F20E2D51200F687700485167 /* BN9BoVvI.png */,
				F20E2D4B200F5B7400485167 /* Password-Image.png */,
				F2CD6B1C200DCF3A0010885C /* New Group */,
				F20E2D53200F6FC500485167 /* loginDetailsViewController.swift */,
			);
			name = firstAppStruct;
			sourceTree = "<group>";
		};
		F2CD6B1E200DCF5D0010885C /* resources */ = {
			isa = PBXGroup;
			children = (
				F2CD6AF4200DCEDF0010885C /* Assets.xcassets */,
				F2CD6AF6200DCEDF0010885C /* LaunchScreen.storyboard */,
				F2CD6AF9200DCEDF0010885C /* Info.plist */,
			);
			name = resources;
			sourceTree = "<group>";
		};
/* End PBXGroup section */

/* Begin PBXNativeTarget section */
		F2CD6AE9200DCEDE0010885C /* first */ = {
			isa = PBXNativeTarget;
			buildConfigurationList = F2CD6B12200DCEDF0010885C /* Build configuration list for PBXNativeTarget "first" */;
			buildPhases = (
				F2CD6AE6200DCEDE0010885C /* Sources */,
				F2CD6AE7200DCEDE0010885C /* Frameworks */,
				F2CD6AE8200DCEDE0010885C /* Resources */,
			);
			buildRules = (
			);
			dependencies = (
			);
			name = first;
			productName = first;
			productReference = F2CD6AEA200DCEDF0010885C /* first.app */;
			productType = "com.apple.product-type.application";
		};
		F2CD6AFD200DCEDF0010885C /* firstTests */ = {
			isa = PBXNativeTarget;
			buildConfigurationList = F2CD6B15200DCEDF0010885C /* Build configuration list for PBXNativeTarget "firstTests" */;
			buildPhases = (
				F2CD6AFA200DCEDF0010885C /* Sources */,
				F2CD6AFB200DCEDF0010885C /* Frameworks */,
				F2CD6AFC200DCEDF0010885C /* Resources */,
			);
			buildRules = (
			);
			dependencies = (
				F2CD6B00200DCEDF0010885C /* PBXTargetDependency */,
			);
			name = firstTests;
			productName = firstTests;
			productReference = F2CD6AFE200DCEDF0010885C /* firstTests.xctest */;
			productType = "com.apple.product-type.bundle.unit-test";
		};
		F2CD6B08200DCEDF0010885C /* firstUITests */ = {
			isa = PBXNativeTarget;
			buildConfigurationList = F2CD6B18200DCEDF0010885C /* Build configuration list for PBXNativeTarget "firstUITests" */;
			buildPhases = (
				F2CD6B05200DCEDF0010885C /* Sources */,
				F2CD6B06200DCEDF0010885C /* Frameworks */,
				F2CD6B07200DCEDF0010885C /* Resources */,
			);
			buildRules = (
			);
			dependencies = (
				F2CD6B0B200DCEDF0010885C /* PBXTargetDependency */,
			);
			name = firstUITests;
			productName = firstUITests;
			productReference = F2CD6B09200DCEDF0010885C /* firstUITests.xctest */;
			productType = "com.apple.product-type.bundle.ui-testing";
		};
/* End PBXNativeTarget section */

/* Begin PBXProject section */
		F2CD6AE2200DCEDE0010885C /* Project object */ = {
			isa = PBXProject;
			attributes = {
				LastSwiftUpdateCheck = 0830;
				LastUpgradeCheck = 0830;
				ORGANIZATIONNAME = "N Manisha Reddy";
				TargetAttributes = {
					F2CD6AE9200DCEDE0010885C = {
						CreatedOnToolsVersion = 8.3.2;
						ProvisioningStyle = Automatic;
					};
					F2CD6AFD200DCEDF0010885C = {
						CreatedOnToolsVersion = 8.3.2;
						ProvisioningStyle = Automatic;
						TestTargetID = F2CD6AE9200DCEDE0010885C;
					};
					F2CD6B08200DCEDF0010885C = {
						CreatedOnToolsVersion = 8.3.2;
						ProvisioningStyle = Automatic;
						TestTargetID = F2CD6AE9200DCEDE0010885C;
					};
				};
			};
			buildConfigurationList = F2CD6AE5200DCEDE0010885C /* Build configuration list for PBXProject "first" */;
			compatibilityVersion = "Xcode 3.2";
			developmentRegion = English;
			hasScannedForEncodings = 0;
			knownRegions = (
				en,
				Base,
			);
			mainGroup = F2CD6AE1200DCEDE0010885C;
			productRefGroup = F2CD6AEB200DCEDF0010885C /* Products */;
			projectDirPath = "";
			projectRoot = "";
			targets = (
				F2CD6AE9200DCEDE0010885C /* first */,
				F2CD6AFD200DCEDF0010885C /* firstTests */,
				F2CD6B08200DCEDF0010885C /* firstUITests */,
			);
		};
/* End PBXProject section */

/* Begin PBXResourcesBuildPhase section */
		F2CD6AE8200DCEDE0010885C /* Resources */ = {
			isa = PBXResourcesBuildPhase;
			buildActionMask = 2147483647;
			files = (
				F20E2D52200F687700485167 /* BN9BoVvI.png in Resources */,
				F2CD6AF8200DCEDF0010885C /* LaunchScreen.storyboard in Resources */,
				F20E2D4C200F5B7400485167 /* Password-Image.png in Resources */,
				F2079B152010C80B004279E5 /* Main.storyboard in Resources */,
				F20E2D4A200F5B5D00485167 /* 098354-blue-jelly-icon-social-media-logos-myspace-logo-square2.png in Resources */,
				F2CD6AF5200DCEDF0010885C /* Assets.xcassets in Resources */,
			);
			runOnlyForDeploymentPostprocessing = 0;
		};
		F2CD6AFC200DCEDF0010885C /* Resources */ = {
			isa = PBXResourcesBuildPhase;
			buildActionMask = 2147483647;
			files = (
			);
			runOnlyForDeploymentPostprocessing = 0;
		};
		F2CD6B07200DCEDF0010885C /* Resources */ = {
			isa = PBXResourcesBuildPhase;
			buildActionMask = 2147483647;
			files = (
			);
			runOnlyForDeploymentPostprocessing = 0;
		};
/* End PBXResourcesBuildPhase section */

/* Begin PBXSourcesBuildPhase section */
		F2CD6AE6200DCEDE0010885C /* Sources */ = {
			isa = PBXSourcesBuildPhase;
			buildActionMask = 2147483647;
			files = (
				F2CD6AF0200DCEDF0010885C /* ViewController.swift in Sources */,
				F2CD6AEE200DCEDF0010885C /* AppDelegate.swift in Sources */,
				F20E2D54200F6FC500485167 /* loginDetailsViewController.swift in Sources */,
			);
			runOnlyForDeploymentPostprocessing = 0;
		};
		F2CD6AFA200DCEDF0010885C /* Sources */ = {
			isa = PBXSourcesBuildPhase;
			buildActionMask = 2147483647;
			files = (
				F2CD6B03200DCEDF0010885C /* firstTests.swift in Sources */,
			);
			runOnlyForDeploymentPostprocessing = 0;
		};
		F2CD6B05200DCEDF0010885C /* Sources */ = {
			isa = PBXSourcesBuildPhase;
			buildActionMask = 2147483647;
			files = (
				F2CD6B0E200DCEDF0010885C /* firstUITests.swift in Sources */,
			);
			runOnlyForDeploymentPostprocessing = 0;
		};
/* End PBXSourcesBuildPhase section */

/* Begin PBXTargetDependency section */
		F2CD6B00200DCEDF0010885C /* PBXTargetDependency */ = {
			isa = PBXTargetDependency;
			target = F2CD6AE9200DCEDE0010885C /* first */;
			targetProxy = F2CD6AFF200DCEDF0010885C /* PBXContainerItemProxy */;
		};
		F2CD6B0B200DCEDF0010885C /* PBXTargetDependency */ = {
			isa = PBXTargetDependency;
			target = F2CD6AE9200DCEDE0010885C /* first */;
			targetProxy = F2CD6B0A200DCEDF0010885C /* PBXContainerItemProxy */;
		};
/* End PBXTargetDependency section */

/* Begin PBXVariantGroup section */
		F2079B132010C80B004279E5 /* Main.storyboard */ = {
			isa = PBXVariantGroup;
			children = (
				F2079B142010C80B004279E5 /* Base */,
			);
			name = Main.storyboard;
			sourceTree = "<group>";
		};
		F2CD6AF6200DCEDF0010885C /* LaunchScreen.storyboard */ = {
			isa = PBXVariantGroup;
			children = (
				F2CD6AF7200DCEDF0010885C /* Base */,
			);
			name = LaunchScreen.storyboard;
			sourceTree = "<group>";
		};
/* End PBXVariantGroup section */

/* Begin XCBuildConfiguration section */
		F2CD6B10200DCEDF0010885C /* Debug */ = {
			isa = XCBuildConfiguration;
			buildSettings = {
				ALWAYS_SEARCH_USER_PATHS = NO;
				CLANG_ANALYZER_NONNULL = YES;
				CLANG_ANALYZER_NUMBER_OBJECT_CONVERSION = YES_AGGRESSIVE;
				CLANG_CXX_LANGUAGE_STANDARD = "gnu++0x";
				CLANG_CXX_LIBRARY = "libc++";
				CLANG_ENABLE_MODULES = YES;
				CLANG_ENABLE_OBJC_ARC = YES;
				CLANG_WARN_BOOL_CONVERSION = YES;
				CLANG_WARN_CONSTANT_CONVERSION = YES;
				CLANG_WARN_DIRECT_OBJC_ISA_USAGE = YES_ERROR;
				CLANG_WARN_DOCUMENTATION_COMMENTS = YES;
				CLANG_WARN_EMPTY_BODY = YES;
				CLANG_WARN_ENUM_CONVERSION = YES;
				CLANG_WARN_INFINITE_RECURSION = YES;
				CLANG_WARN_INT_CONVERSION = YES;
				CLANG_WARN_OBJC_ROOT_CLASS = YES_ERROR;
				CLANG_WARN_SUSPICIOUS_MOVE = YES;
				CLANG_WARN_UNREACHABLE_CODE = YES;
				CLANG_WARN__DUPLICATE_METHOD_MATCH = YES;
				"CODE_SIGN_IDENTITY[sdk=iphoneos*]" = "iPhone Developer";
				COPY_PHASE_STRIP = NO;
				DEBUG_INFORMATION_FORMAT = dwarf;
				ENABLE_STRICT_OBJC_MSGSEND = YES;
				ENABLE_TESTABILITY = YES;
				GCC_C_LANGUAGE_STANDARD = gnu99;
				GCC_DYNAMIC_NO_PIC = NO;
				GCC_NO_COMMON_BLOCKS = YES;
				GCC_OPTIMIZATION_LEVEL = 0;
				GCC_PREPROCESSOR_DEFINITIONS = (
					"DEBUG=1",
					"$(inherited)",
				);
				GCC_WARN_64_TO_32_BIT_CONVERSION = YES;
				GCC_WARN_ABOUT_RETURN_TYPE = YES_ERROR;
				GCC_WARN_UNDECLARED_SELECTOR = YES;
				GCC_WARN_UNINITIALIZED_AUTOS = YES_AGGRESSIVE;
				GCC_WARN_UNUSED_FUNCTION = YES;
				GCC_WARN_UNUSED_VARIABLE = YES;
				IPHONEOS_DEPLOYMENT_TARGET = 10.3;
				MTL_ENABLE_DEBUG_INFO = YES;
				ONLY_ACTIVE_ARCH = YES;
				SDKROOT = iphoneos;
				SWIFT_ACTIVE_COMPILATION_CONDITIONS = DEBUG;
				SWIFT_OPTIMIZATION_LEVEL = "-Onone";
				TARGETED_DEVICE_FAMILY = "1,2";
			};
			name = Debug;
		};
		F2CD6B11200DCEDF0010885C /* Release */ = {
			isa = XCBuildConfiguration;
			buildSettings = {
				ALWAYS_SEARCH_USER_PATHS = NO;
				CLANG_ANALYZER_NONNULL = YES;
				CLANG_ANALYZER_NUMBER_OBJECT_CONVERSION = YES_AGGRESSIVE;
				CLANG_CXX_LANGUAGE_STANDARD = "gnu++0x";
				CLANG_CXX_LIBRARY = "libc++";
				CLANG_ENABLE_MODULES = YES;
				CLANG_ENABLE_OBJC_ARC = YES;
				CLANG_WARN_BOOL_CONVERSION = YES;
				CLANG_WARN_CONSTANT_CONVERSION = YES;
				CLANG_WARN_DIRECT_OBJC_ISA_USAGE = YES_ERROR;
				CLANG_WARN_DOCUMENTATION_COMMENTS = YES;
				CLANG_WARN_EMPTY_BODY = YES;
				CLANG_WARN_ENUM_CONVERSION = YES;
				CLANG_WARN_INFINITE_RECURSION = YES;
				CLANG_WARN_INT_CONVERSION = YES;
				CLANG_WARN_OBJC_ROOT_CLASS = YES_ERROR;
				CLANG_WARN_SUSPICIOUS_MOVE = YES;
				CLANG_WARN_UNREACHABLE_CODE = YES;
				CLANG_WARN__DUPLICATE_METHOD_MATCH = YES;
				"CODE_SIGN_IDENTITY[sdk=iphoneos*]" = "iPhone Developer";
				COPY_PHASE_STRIP = NO;
				DEBUG_INFORMATION_FORMAT = "dwarf-with-dsym";
				ENABLE_NS_ASSERTIONS = NO;
				ENABLE_STRICT_OBJC_MSGSEND = YES;
				GCC_C_LANGUAGE_STANDARD = gnu99;
				GCC_NO_COMMON_BLOCKS = YES;
				GCC_WARN_64_TO_32_BIT_CONVERSION = YES;
				GCC_WARN_ABOUT_RETURN_TYPE = YES_ERROR;
				GCC_WARN_UNDECLARED_SELECTOR = YES;
				GCC_WARN_UNINITIALIZED_AUTOS = YES_AGGRESSIVE;
				GCC_WARN_UNUSED_FUNCTION = YES;
				GCC_WARN_UNUSED_VARIABLE = YES;
				IPHONEOS_DEPLOYMENT_TARGET = 10.3;
				MTL_ENABLE_DEBUG_INFO = NO;
				SDKROOT = iphoneos;
				SWIFT_OPTIMIZATION_LEVEL = "-Owholemodule";
				TARGETED_DEVICE_FAMILY = "1,2";
				VALIDATE_PRODUCT = YES;
			};
			name = Release;
		};
		F2CD6B13200DCEDF0010885C /* Debug */ = {
			isa = XCBuildConfiguration;
			buildSettings = {
				ASSETCATALOG_COMPILER_APPICON_NAME = AppIcon;
				INFOPLIST_FILE = first/Info.plist;
				LD_RUNPATH_SEARCH_PATHS = "$(inherited) @executable_path/Frameworks";
				PRODUCT_BUNDLE_IDENTIFIER = personal.first;
				PRODUCT_NAME = "$(TARGET_NAME)";
				SWIFT_VERSION = 3.0;
			};
			name = Debug;
		};
		F2CD6B14200DCEDF0010885C /* Release */ = {
			isa = XCBuildConfiguration;
			buildSettings = {
				ASSETCATALOG_COMPILER_APPICON_NAME = AppIcon;
				INFOPLIST_FILE = first/Info.plist;
				LD_RUNPATH_SEARCH_PATHS = "$(inherited) @executable_path/Frameworks";
				PRODUCT_BUNDLE_IDENTIFIER = personal.first;
				PRODUCT_NAME = "$(TARGET_NAME)";
				SWIFT_VERSION = 3.0;
			};
			name = Release;
		};
		F2CD6B16200DCEDF0010885C /* Debug */ = {
			isa = XCBuildConfiguration;
			buildSettings = {
				ALWAYS_EMBED_SWIFT_STANDARD_LIBRARIES = YES;
				BUNDLE_LOADER = "$(TEST_HOST)";
				INFOPLIST_FILE = firstTests/Info.plist;
				LD_RUNPATH_SEARCH_PATHS = "$(inherited) @executable_path/Frameworks @loader_path/Frameworks";
				PRODUCT_BUNDLE_IDENTIFIER = personal.firstTests;
				PRODUCT_NAME = "$(TARGET_NAME)";
				SWIFT_VERSION = 3.0;
				TEST_HOST = "$(BUILT_PRODUCTS_DIR)/first.app/first";
			};
			name = Debug;
		};
		F2CD6B17200DCEDF0010885C /* Release */ = {
			isa = XCBuildConfiguration;
			buildSettings = {
				ALWAYS_EMBED_SWIFT_STANDARD_LIBRARIES = YES;
				BUNDLE_LOADER = "$(TEST_HOST)";
				INFOPLIST_FILE = firstTests/Info.plist;
				LD_RUNPATH_SEARCH_PATHS = "$(inherited) @executable_path/Frameworks @loader_path/Frameworks";
				PRODUCT_BUNDLE_IDENTIFIER = personal.firstTests;
				PRODUCT_NAME = "$(TARGET_NAME)";
				SWIFT_VERSION = 3.0;
				TEST_HOST = "$(BUILT_PRODUCTS_DIR)/first.app/first";
			};
			name = Release;
		};
		F2CD6B19200DCEDF0010885C /* Debug */ = {
			isa = XCBuildConfiguration;
			buildSettings = {
				ALWAYS_EMBED_SWIFT_STANDARD_LIBRARIES = YES;
				INFOPLIST_FILE = firstUITests/Info.plist;
				LD_RUNPATH_SEARCH_PATHS = "$(inherited) @executable_path/Frameworks @loader_path/Frameworks";
				PRODUCT_BUNDLE_IDENTIFIER = personal.firstUITests;
				PRODUCT_NAME = "$(TARGET_NAME)";
				SWIFT_VERSION = 3.0;
				TEST_TARGET_NAME = first;
			};
			name = Debug;
		};
		F2CD6B1A200DCEDF0010885C /* Release */ = {
			isa = XCBuildConfiguration;
			buildSettings = {
				ALWAYS_EMBED_SWIFT_STANDARD_LIBRARIES = YES;
				INFOPLIST_FILE = firstUITests/Info.plist;
				LD_RUNPATH_SEARCH_PATHS = "$(inherited) @executable_path/Frameworks @loader_path/Frameworks";
				PRODUCT_BUNDLE_IDENTIFIER = personal.firstUITests;
				PRODUCT_NAME = "$(TARGET_NAME)";
				SWIFT_VERSION = 3.0;
				TEST_TARGET_NAME = first;
			};
			name = Release;
		};
/* End XCBuildConfiguration section */

/* Begin XCConfigurationList section */
		F2CD6AE5200DCEDE0010885C /* Build configuration list for PBXProject "first" */ = {
			isa = XCConfigurationList;
			buildConfigurations = (
				F2CD6B10200DCEDF0010885C /* Debug */,
				F2CD6B11200DCEDF0010885C /* Release */,
			);
			defaultConfigurationIsVisible = 0;
			defaultConfigurationName = Release;
		};
		F2CD6B12200DCEDF0010885C /* Build configuration list for PBXNativeTarget "first" */ = {
			isa = XCConfigurationList;
			buildConfigurations = (
				F2CD6B13200DCEDF0010885C /* Debug */,
				F2CD6B14200DCEDF0010885C /* Release */,
			);
			defaultConfigurationIsVisible = 0;
			defaultConfigurationName = Release;
		};
		F2CD6B15200DCEDF0010885C /* Build configuration list for PBXNativeTarget "firstTests" */ = {
			isa = XCConfigurationList;
			buildConfigurations = (
				F2CD6B16200DCEDF0010885C /* Debug */,
				F2CD6B17200DCEDF0010885C /* Release */,
			);
			defaultConfigurationIsVisible = 0;
			defaultConfigurationName = Release;
		};
		F2CD6B18200DCEDF0010885C /* Build configuration list for PBXNativeTarget "firstUITests" */ = {
			isa = XCConfigurationList;
			buildConfigurations = (
				F2CD6B19200DCEDF0010885C /* Debug */,
				F2CD6B1A200DCEDF0010885C /* Release */,
			);
			defaultConfigurationIsVisible = 0;
			defaultConfigurationName = Release;
		};
/* End XCConfigurationList section */
	};
	rootObject = F2CD6AE2200DCEDE0010885C /* Project object */;
}
